
Microsoft Visual Studio Solution File, Format Version 12.00
# Visual Studio 15
VisualStudioVersion = 15.0.26730.16
MinimumVisualStudioVersion = 10.0.40219.1
Project("{FAE04EC0-301F-11D3-BF4B-00C04F79EFBC}") = "RoSAT", "RoSAT\RoSAT.csproj", "{71B6D2CC-0803-4250-AF1B-D95CB1850DDE}"
EndProject
Project("{FAE04EC0-301F-11D3-BF4B-00C04F79EFBC}") = "SpellingCorrector", "SpellingCorrector\SpellingCorrector.csproj", "{9A42A02E-E735-4174-AA70-9471BC1608F4}"
EndProject
Project("{2150E333-8FDC-42A3-9474-1A3956D46DE8}") = "Database", "Database", "{8DB8ED4F-FFE7-41CD-BD62-D296EE3B716B}"
	ProjectSection(SolutionItems) = preProject
		SQLServer2014.sql = SQLServer2014.sql
		SQLServer2016.sql = SQLServer2016.sql
		SQLServer2017.sql = SQLServer2017.sql
	EndProjectSection
EndProject
Global
	GlobalSection(SolutionConfigurationPlatforms) = preSolution
		Debug|Any CPU = Debug|Any CPU
		Release|Any CPU = Release|Any CPU
	EndGlobalSection
	GlobalSection(ProjectConfigurationPlatforms) = postSolution
		{71B6D2CC-0803-4250-AF1B-D95CB1850DDE}.Debug|Any CPU.ActiveCfg = Debug|Any CPU
		{71B6D2CC-0803-4250-AF1B-D95CB1850DDE}.Debug|Any CPU.Build.0 = Debug|Any CPU
		{71B6D2CC-0803-4250-AF1B-D95CB1850DDE}.Release|Any CPU.ActiveCfg = Release|Any CPU
		{71B6D2CC-0803-4250-AF1B-D95CB1850DDE}.Release|Any CPU.Build.0 = Release|Any CPU
		{9A42A02E-E735-4174-AA70-9471BC1608F4}.Debug|Any CPU.ActiveCfg = Debug|Any CPU
		{9A42A02E-E735-4174-AA70-9471BC1608F4}.Debug|Any CPU.Build.0 = Debug|Any CPU
		{9A42A02E-E735-4174-AA70-9471BC1608F4}.Release|Any CPU.ActiveCfg = Release|Any CPU
		{9A42A02E-E735-4174-AA70-9471BC1608F4}.Release|Any CPU.Build.0 = Release|Any CPU
	EndGlobalSection
	GlobalSection(SolutionProperties) = preSolution
		HideSolutionNode = FALSE
	EndGlobalSection
	GlobalSection(ExtensibilityGlobals) = postSolution
		SolutionGuid = {4BAFB4BC-3D00-4EA0-9687-6D903C3907A8}
	EndGlobalSection
EndGlobal
